
Microsoft Visual Studio Solution File, Format Version 12.00
# Visual Studio Version 17
VisualStudioVersion = 17.4.33213.308
MinimumVisualStudioVersion = 10.0.40219.1
Project("{FAE04EC0-301F-11D3-BF4B-00C04F79EFBC}") = "AzureCR", "AzureCR.csproj", "{274B9AC0-DDEB-4F88-88B7-763B18EB3C27}"
EndProject
Global
	GlobalSection(SolutionConfigurationPlatforms) = preSolution
		Debug|Any CPU = Debug|Any CPU
		Release|Any CPU = Release|Any CPU
	EndGlobalSection
	GlobalSection(ProjectConfigurationPlatforms) = postSolution
		{274B9AC0-DDEB-4F88-88B7-763B18EB3C27}.Debug|Any CPU.ActiveCfg = Debug|Any CPU
		{274B9AC0-DDEB-4F88-88B7-763B18EB3C27}.Debug|Any CPU.Build.0 = Debug|Any CPU
		{274B9AC0-DDEB-4F88-88B7-763B18EB3C27}.Release|Any CPU.ActiveCfg = Release|Any CPU
		{274B9AC0-DDEB-4F88-88B7-763B18EB3C27}.Release|Any CPU.Build.0 = Release|Any CPU
	EndGlobalSection
	GlobalSection(SolutionProperties) = preSolution
		HideSolutionNode = FALSE
	EndGlobalSection
	GlobalSection(ExtensibilityGlobals) = postSolution
		SolutionGuid = {AB587DEB-8B3F-4E22-A46A-120BB670F3C9}
	EndGlobalSection
EndGlobal
